# generated by rye
# use `rye lock` or `rye sync` to update this lockfile
#
# last locked with the following flags:
#   pre: false
#   features: []
#   all-features: false
#   with-sources: false
#   generate-hashes: false

aiohttp==3.9.5
    # via discord-py
aiosignal==1.3.1
    # via aiohttp
annotated-types==0.7.0
    # via pydantic
anyio==4.4.0
    # via httpx
asgiref==3.8.1
    # via django
    # via django-cors-headers
atproto==0.0.49
attrs==23.2.0
    # via aiohttp
beautifulsoup4==4.12.3
    # via markdownify
bleach==5.0.1
    # via django-bleach
blurhash-python==1.2.2
cachetools==5.3.3
certifi==2024.6.2
    # via httpcore
    # via httpx
    # via requests
    # via sentry-sdk
cffi==1.16.0
    # via blurhash-python
    # via cryptography
charset-normalizer==3.3.2
    # via requests
click==8.1.7
    # via atproto
    # via rq
cryptography==42.0.8
    # via atproto
    # via jwcrypto
dateparser==1.2.0
deepmerge==1.1.1
discord-py==2.3.2
django==4.2.13
    # via django-anymail
    # via django-appconf
    # via django-auditlog
    # via django-bleach
    # via django-cors-headers
    # via django-hijack
    # via django-jsonform
    # via django-markdownx
    # via django-ninja
    # via django-oauth-toolkit
    # via django-polymorphic
    # via django-redis
    # via django-rq
    # via django-simple-history
    # via django-slack
    # via django-tz-detect
    # via easy-thumbnails
django-anymail==10.3
django-appconf==1.0.6
    # via django-compressor
django-auditlog==3.0.0
django-bleach==3.1.0
django-compressor==4.4
django-cors-headers==4.3.1
django-environ==0.11.2
django-hijack==3.5.4
django-jsonform==2.22.0
django-maintenance-mode==0.21.1
django-markdownx==4.0.7
django-ninja==1.1.0
django-oauth-toolkit==2.3.0
django-polymorphic @ git+https://github.com/jazzband/django-polymorphic/@1039f882b99f97bf657bd958c949ee6a3b00377a
django-redis==5.4.0
django-rq==2.10.2
django-sass-processor==1.4.1
django-simple-history==3.7.0
django-slack==5.19.0
django-typed-models @ git+https://github.com/alphatownsman/django-typed-models.git@03921e05b39d07d143519a435259f66387a088bc
django-tz-detect==0.5.0
django-user-messages==1.0.0
dnspython==2.6.1
    # via atproto
easy-thumbnails==2.8.5
et-xmlfile==1.1.0
    # via openpyxl
filetype==1.2.0
frozenlist==1.4.1
    # via aiohttp
    # via aiosignal
gunicorn==22.0.0
h11==0.14.0
    # via httpcore
httpcore==1.0.5
    # via httpx
httpx==0.26.0
    # via atproto
idna==3.7
    # via anyio
    # via httpx
    # via requests
    # via yarl
igdb-api-v4==0.3.2
jwcrypto==1.5.6
    # via django-oauth-toolkit
langdetect==1.0.9
libipld==1.2.3
    # via atproto
libsass==0.23.0
listparser==0.20
loguru==0.7.2
lxml==5.2.2
markdown==3.6
    # via django-markdownx
markdownify==0.12.1
mistune==3.0.2
multidict==6.0.5
    # via aiohttp
    # via yarl
nodeenv==1.9.1
    # via pyright
oauthlib==3.2.2
    # via django-oauth-toolkit
openpyxl==3.1.3
packaging==24.0
    # via gunicorn
pillow==10.3.0
    # via blurhash-python
    # via django-markdownx
    # via easy-thumbnails
podcastparser==0.6.10
protobuf==5.27.0
    # via igdb-api-v4
psycopg2-binary==2.9.9
pycparser==2.22
    # via cffi
pydantic==2.7.3
    # via atproto
    # via django-ninja
pydantic-core==2.18.4
    # via pydantic
pyright==1.1.370
python-dateutil==2.9.0.post0
    # via dateparser
    # via django-auditlog
python-fsutil==0.14.1
    # via django-maintenance-mode
pytz==2024.1
    # via dateparser
    # via django-tz-detect
rcssmin==1.1.1
    # via django-compressor
redis==5.0.4
    # via django-redis
    # via django-rq
    # via rq
regex==2024.5.15
    # via dateparser
requests==2.32.3
    # via django-anymail
    # via django-oauth-toolkit
    # via django-slack
    # via igdb-api-v4
    # via typesense
rjsmin==1.2.1
    # via django-compressor
rq==1.16.2
    # via django-rq
sentry-sdk==2.4.0
setproctitle==1.3.3
six==1.16.0
    # via bleach
    # via blurhash-python
    # via langdetect
    # via markdownify
    # via python-dateutil
sniffio==1.3.1
    # via anyio
    # via httpx
soupsieve==2.5
    # via beautifulsoup4
sqlparse==0.5.0
    # via django
tinycss2==1.1.1
    # via bleach
tqdm==4.66.4
typesense==0.21.0
typing-extensions==4.12.1
    # via atproto
    # via jwcrypto
    # via pydantic
    # via pydantic-core
tzlocal==5.2
    # via dateparser
urllib3==2.2.1
    # via django-anymail
    # via requests
    # via sentry-sdk
urlman==2.0.2
validators==0.28.3
webencodings==0.5.1
    # via bleach
    # via tinycss2
websockets==12.0
    # via atproto
yarl==1.9.4
    # via aiohttp
