# generated by rye
# use `rye lock` or `rye sync` to update this lockfile
#
# last locked with the following flags:
#   pre: false
#   features: []
#   all-features: false
#   with-sources: false
#   generate-hashes: false
#   universal: false

aiohappyeyeballs==2.4.4
    # via aiohttp
aiohttp==3.11.10
    # via discord-py
aiosignal==1.3.1
    # via aiohttp
annotated-types==0.7.0
    # via pydantic
anyio==4.7.0
    # via httpx
asgiref==3.8.1
    # via django
    # via django-cors-headers
    # via django-stubs
atproto==0.0.56
attrs==24.2.0
    # via aiohttp
babel==2.16.0
    # via mkdocs-material
beautifulsoup4==4.12.3
    # via markdownify
black==24.4.2
bleach==5.0.1
    # via django-bleach
blurhash-python==1.2.2
cachetools==5.5.0
certifi==2024.8.30
    # via httpcore
    # via httpx
    # via requests
    # via sentry-sdk
cffi==1.17.1
    # via blurhash-python
    # via cryptography
cfgv==3.4.0
    # via pre-commit
charset-normalizer==3.4.0
    # via requests
click==8.1.7
    # via atproto
    # via black
    # via djlint
    # via mkdocs
    # via rq
colorama==0.4.6
    # via djlint
    # via mkdocs-material
cryptography==43.0.3
    # via atproto
cssbeautifier==1.15.1
    # via djlint
dateparser==1.2.0
deepmerge==2.0
discord-py==2.4.0
distlib==0.3.9
    # via virtualenv
django==4.2.17
    # via django-anymail
    # via django-appconf
    # via django-auditlog
    # via django-bleach
    # via django-compressor
    # via django-cors-headers
    # via django-hijack
    # via django-jsonform
    # via django-markdownx
    # via django-ninja
    # via django-polymorphic
    # via django-redis
    # via django-rq
    # via django-stubs
    # via django-stubs-ext
    # via django-tz-detect
    # via easy-thumbnails
django-anymail==12.0
django-appconf==1.0.6
    # via django-compressor
django-auditlog==3.0.0
django-bleach==3.1.0
django-compressor==4.5.1
django-cors-headers==4.6.0
django-environ==0.11.2
django-hijack==3.7.0
django-jsonform==2.23.1
django-maintenance-mode==0.21.1
django-markdownx==4.0.7
django-ninja==1.3.0
django-polymorphic @ git+https://github.com/jazzband/django-polymorphic/@1039f882b99f97bf657bd958c949ee6a3b00377a
django-redis==5.4.0
django-rq==3.0.0
django-sass-processor==1.4.1
django-stubs==5.1.1
django-stubs-ext==5.1.1
    # via django-stubs
django-typed-models @ git+https://github.com/alphatownsman/django-typed-models.git@03921e05b39d07d143519a435259f66387a088bc
django-tz-detect==0.5.0
django-user-messages==1.1.0
djlint==1.36.3
dnspython==2.7.0
    # via atproto
easy-thumbnails==2.10
editorconfig==0.12.4
    # via cssbeautifier
    # via jsbeautifier
et-xmlfile==2.0.0
    # via openpyxl
filelock==3.16.1
    # via virtualenv
filetype==1.2.0
frozenlist==1.5.0
    # via aiohttp
    # via aiosignal
ghp-import==2.1.0
    # via mkdocs
gunicorn==23.0.0
h11==0.14.0
    # via httpcore
httpcore==1.0.7
    # via httpx
httpx==0.27.2
    # via atproto
identify==2.6.3
    # via pre-commit
idna==3.10
    # via anyio
    # via httpx
    # via requests
    # via yarl
igdb-api-v4==0.3.3
isort==5.13.2
jinja2==3.1.4
    # via mkdocs
    # via mkdocs-material
jsbeautifier==1.15.1
    # via cssbeautifier
    # via djlint
json5==0.10.0
    # via djlint
langdetect==1.0.9
libipld==3.0.0
    # via atproto
libsass==0.23.0
listparser==0.20
loguru==0.7.3
lxml==5.3.0
lxml-stubs==0.5.1
markdown==3.7
    # via django-markdownx
    # via mkdocs
    # via mkdocs-material
    # via pymdown-extensions
markdownify==0.14.1
markupsafe==3.0.2
    # via jinja2
    # via mkdocs
mergedeep==1.3.4
    # via mkdocs
    # via mkdocs-get-deps
mistune==3.0.2
mkdocs==1.6.1
    # via mkdocs-material
mkdocs-get-deps==0.2.0
    # via mkdocs
mkdocs-material==9.5.48
mkdocs-material-extensions==1.3.1
    # via mkdocs-material
multidict==6.1.0
    # via aiohttp
    # via yarl
mypy-extensions==1.0.0
    # via black
nodeenv==1.9.1
    # via pre-commit
    # via pyright
openpyxl==3.1.5
packaging==24.2
    # via black
    # via gunicorn
    # via mkdocs
paginate==0.5.7
    # via mkdocs-material
pathspec==0.12.1
    # via black
    # via djlint
    # via mkdocs
pillow==11.0.0
    # via blurhash-python
    # via django-markdownx
    # via easy-thumbnails
platformdirs==4.3.6
    # via black
    # via mkdocs-get-deps
    # via virtualenv
podcastparser==0.6.10
pre-commit==4.0.1
propcache==0.2.1
    # via aiohttp
    # via yarl
protobuf==5.29.1
    # via igdb-api-v4
psycopg2-binary==2.9.10
pycparser==2.22
    # via cffi
pydantic==2.10.3
    # via atproto
    # via django-ninja
pydantic-core==2.27.1
    # via pydantic
pygments==2.18.0
    # via mkdocs-material
pymdown-extensions==10.12
    # via mkdocs-material
pyright==1.1.390
python-dateutil==2.9.0.post0
    # via dateparser
    # via django-auditlog
    # via ghp-import
python-fsutil==0.14.1
    # via django-maintenance-mode
pytz==2024.2
    # via dateparser
    # via django-tz-detect
pyyaml==6.0.2
    # via djlint
    # via mkdocs
    # via mkdocs-get-deps
    # via pre-commit
    # via pymdown-extensions
    # via pyyaml-env-tag
pyyaml-env-tag==0.1
    # via mkdocs
rcssmin==1.1.2
    # via django-compressor
redis==5.2.1
    # via django-redis
    # via django-rq
    # via rq
regex==2024.11.6
    # via dateparser
    # via djlint
    # via mkdocs-material
requests==2.32.3
    # via django-anymail
    # via igdb-api-v4
    # via mkdocs-material
    # via typesense
rjsmin==1.2.2
    # via django-compressor
rq==2.0.0
    # via django-rq
ruff==0.8.2
sentry-sdk==2.19.2
setproctitle==1.3.4
six==1.17.0
    # via bleach
    # via blurhash-python
    # via cssbeautifier
    # via jsbeautifier
    # via langdetect
    # via markdownify
    # via python-dateutil
sniffio==1.3.1
    # via anyio
    # via httpx
soupsieve==2.6
    # via beautifulsoup4
sqlparse==0.5.2
    # via django
tinycss2==1.1.1
    # via bleach
tqdm==4.67.1
    # via djlint
types-pyyaml==6.0.12.20240917
    # via django-stubs
typesense==0.21.0
typing-extensions==4.12.2
    # via anyio
    # via atproto
    # via django-stubs
    # via django-stubs-ext
    # via pydantic
    # via pydantic-core
    # via pyright
tzlocal==5.2
    # via dateparser
urllib3==2.2.3
    # via django-anymail
    # via requests
    # via sentry-sdk
urlman==2.0.2
validators==0.34.0
virtualenv==20.28.0
    # via pre-commit
watchdog==6.0.0
    # via mkdocs
webencodings==0.5.1
    # via bleach
    # via tinycss2
websockets==13.1
    # via atproto
yarl==1.18.3
    # via aiohttp
